PODS:
  - JXGradientNavigationBar (0.1.2)

DEPENDENCIES:
  - JXGradientNavigationBar (from `../`)

EXTERNAL SOURCES:
  JXGradientNavigationBar:
    :path: "../"

SPEC CHECKSUMS:
  JXGradientNavigationBar: b752fbc1912d7abbbb1e427bb2d24fc0284511b0

PODFILE CHECKSUM: 18459bb526b6a56b965939727dcc9a716c20a11a

COCOAPODS: 1.11.2
